
Microsoft Visual Studio Solution File, Format Version 12.00
# Visual Studio 14
VisualStudioVersion = 14.0.24720.0
MinimumVisualStudioVersion = 10.0.40219.1
Project("{FAE04EC0-301F-11D3-BF4B-00C04F79EFBC}") = "NFly.BitsTransfer", "NFly.BitsTransfer\NFly.BitsTransfer.csproj", "{7F125CA0-EAAD-42FB-BE75-B232C381EC61}"
EndProject
Global
	GlobalSection(SolutionConfigurationPlatforms) = preSolution
		Debug.Net40|Any CPU = Debug.Net40|Any CPU
		Debug|Any CPU = Debug|Any CPU
		Release.Net40|Any CPU = Release.Net40|Any CPU
		Release|Any CPU = Release|Any CPU
	EndGlobalSection
	GlobalSection(ProjectConfigurationPlatforms) = postSolution
		{7F125CA0-EAAD-42FB-BE75-B232C381EC61}.Debug.Net40|Any CPU.ActiveCfg = Debug.Net40|Any CPU
		{7F125CA0-EAAD-42FB-BE75-B232C381EC61}.Debug.Net40|Any CPU.Build.0 = Debug.Net40|Any CPU
		{7F125CA0-EAAD-42FB-BE75-B232C381EC61}.Debug|Any CPU.ActiveCfg = Debug|Any CPU
		{7F125CA0-EAAD-42FB-BE75-B232C381EC61}.Debug|Any CPU.Build.0 = Debug|Any CPU
		{7F125CA0-EAAD-42FB-BE75-B232C381EC61}.Release.Net40|Any CPU.ActiveCfg = Release.Net40|Any CPU
		{7F125CA0-EAAD-42FB-BE75-B232C381EC61}.Release.Net40|Any CPU.Build.0 = Release.Net40|Any CPU
		{7F125CA0-EAAD-42FB-BE75-B232C381EC61}.Release|Any CPU.ActiveCfg = Release|Any CPU
		{7F125CA0-EAAD-42FB-BE75-B232C381EC61}.Release|Any CPU.Build.0 = Release|Any CPU
	EndGlobalSection
	GlobalSection(SolutionProperties) = preSolution
		HideSolutionNode = FALSE
	EndGlobalSection
EndGlobal
